
Microsoft Visual Studio Solution File, Format Version 12.00
Project("{FAE04EC0-301F-11D3-BF4B-00C04F79EFBC}") = "Lets get to the fun part", "Lets get to the fun part.csproj", "{8BB42262-DB58-45F5-9F4F-E80DEB010CBB}"
EndProject
Project("{FAE04EC0-301F-11D3-BF4B-00C04F79EFBC}") = "test", "test\test.csproj", "{82302547-1316-4F0B-966D-B7B9155E822C}"
EndProject
Global
	GlobalSection(SolutionConfigurationPlatforms) = preSolution
		Debug|Any CPU = Debug|Any CPU
		Release|Any CPU = Release|Any CPU
	EndGlobalSection
	GlobalSection(ProjectConfigurationPlatforms) = postSolution
		{8BB42262-DB58-45F5-9F4F-E80DEB010CBB}.Debug|Any CPU.ActiveCfg = Debug|Any CPU
		{8BB42262-DB58-45F5-9F4F-E80DEB010CBB}.Debug|Any CPU.Build.0 = Debug|Any CPU
		{8BB42262-DB58-45F5-9F4F-E80DEB010CBB}.Release|Any CPU.ActiveCfg = Release|Any CPU
		{8BB42262-DB58-45F5-9F4F-E80DEB010CBB}.Release|Any CPU.Build.0 = Release|Any CPU
		{82302547-1316-4F0B-966D-B7B9155E822C}.Debug|Any CPU.ActiveCfg = Debug|Any CPU
		{82302547-1316-4F0B-966D-B7B9155E822C}.Debug|Any CPU.Build.0 = Debug|Any CPU
		{82302547-1316-4F0B-966D-B7B9155E822C}.Release|Any CPU.ActiveCfg = Release|Any CPU
		{82302547-1316-4F0B-966D-B7B9155E822C}.Release|Any CPU.Build.0 = Release|Any CPU
	EndGlobalSection
EndGlobal
